
Microsoft Visual Studio Solution File, Format Version 12.00
# Visual Studio Version 16
VisualStudioVersion = 16.0.30907.101
MinimumVisualStudioVersion = 10.0.40219.1
Project("{9A19103F-16F7-4668-BE54-9A1E7A4F7556}") = "ConsoleApplication", "ConsoleApplication\ConsoleApplication.csproj", "{1CE722E3-5D67-4BC1-85C6-19433EFF950C}"
EndProject
Project("{FAE04EC0-301F-11D3-BF4B-00C04F79EFBC}") = "ClassLibrary", "ClassLibrary\ClassLibrary.csproj", "{DC8917EE-F887-47BC-A74B-C3D1230C6E3B}"
EndProject
Global
	GlobalSection(SolutionConfigurationPlatforms) = preSolution
		Debug|Any CPU = Debug|Any CPU
		Release|Any CPU = Release|Any CPU
	EndGlobalSection
	GlobalSection(ProjectConfigurationPlatforms) = postSolution
		{1CE722E3-5D67-4BC1-85C6-19433EFF950C}.Debug|Any CPU.ActiveCfg = Debug|Any CPU
		{1CE722E3-5D67-4BC1-85C6-19433EFF950C}.Debug|Any CPU.Build.0 = Debug|Any CPU
		{1CE722E3-5D67-4BC1-85C6-19433EFF950C}.Release|Any CPU.ActiveCfg = Release|Any CPU
		{1CE722E3-5D67-4BC1-85C6-19433EFF950C}.Release|Any CPU.Build.0 = Release|Any CPU
		{DC8917EE-F887-47BC-A74B-C3D1230C6E3B}.Debug|Any CPU.ActiveCfg = Debug|Any CPU
		{DC8917EE-F887-47BC-A74B-C3D1230C6E3B}.Debug|Any CPU.Build.0 = Debug|Any CPU
		{DC8917EE-F887-47BC-A74B-C3D1230C6E3B}.Release|Any CPU.ActiveCfg = Release|Any CPU
		{DC8917EE-F887-47BC-A74B-C3D1230C6E3B}.Release|Any CPU.Build.0 = Release|Any CPU
	EndGlobalSection
	GlobalSection(SolutionProperties) = preSolution
		HideSolutionNode = FALSE
	EndGlobalSection
	GlobalSection(ExtensibilityGlobals) = postSolution
		SolutionGuid = {B86C7A20-5C63-4F82-A115-82BAC57B1802}
	EndGlobalSection
EndGlobal
